<?xml version="1.0" encoding="utf-8"?>
<Project ToolsVersion="4.0" xmlns="http://schemas.microsoft.com/developer/msbuild/2003">
  <ItemGroup>
    <Filter Include="Source Files">
      <UniqueIdentifier>{4FC737F1-C7A5-4376-A066-2A32D752A2FF}</UniqueIdentifier>
      <Extensions>cpp;c;cc;cxx;def;odl;idl;hpj;bat;asm;asmx</Extensions>
    </Filter>
    <Filter Include="_Framework">
      <UniqueIdentifier>{593ae2fd-3512-4dd6-ae52-42ce0cf59e5f}</UniqueIdentifier>
    </Filter>
    <Filter Include="_Tests">
      <UniqueIdentifier>{c1776a87-ec6f-4138-bdc6-272f7ff41428}</UniqueIdentifier>
    </Filter>
    <Filter Include="Source Files\Unit Test Configuration %28Enable Tests here%29">
      <UniqueIdentifier>{6ef0526f-c2e5-4727-b744-2f1e0c89439b}</UniqueIdentifier>
    </Filter>
    <Filter Include="Source Files\Refactor %28Do not Add or Delete Files%29">
      <UniqueIdentifier>{6b80a016-3245-416c-9a3a-51a9f9b06857}</UniqueIdentifier>
    </Filter>
    <Filter Include="Source Files\Do NOT Modify">
      <UniqueIdentifier>{fda90e34-aaa5-4f05-898b-97bd1ea30df1}</UniqueIdentifier>
    </Filter>
  </ItemGroup>
  <ItemGroup>
    <ClCompile Include="..\Test\NodeTest_N00.cpp">
      <Filter>_Tests</Filter>
    </ClCompile>
    <ClCompile Include="..\Test\NodeTest_N01.cpp">
      <Filter>_Tests</Filter>
    </ClCompile>
    <ClCompile Include="..\Test\NodeTest_N10.cpp">
      <Filter>_Tests</Filter>
    </ClCompile>
    <ClCompile Include="..\Test\NodeTest_N11.cpp">
      <Filter>_Tests</Filter>
    </ClCompile>
    <ClCompile Include="..\PA8_ReadOnly\main.cpp">
      <Filter>Source Files\Do NOT Modify</Filter>
    </ClCompile>
    <ClCompile Include="..\PA8_ReadOnly\Node.cpp">
      <Filter>Source Files\Do NOT Modify</Filter>
    </ClCompile>
    <ClCompile Include="..\PA8\Boustrophedonic.cpp">
      <Filter>Source Files\Refactor %28Do not Add or Delete Files%29</Filter>
    </ClCompile>
  </ItemGroup>
  <ItemGroup>
    <ClInclude Include="..\Framework\Framework.h">
      <Filter>_Framework</Filter>
    </ClInclude>
    <ClInclude Include="..\PA8_ReadOnly\Node.h">
      <Filter>Source Files\Do NOT Modify</Filter>
    </ClInclude>
    <ClInclude Include="..\PA8\Boustrophedonic.h">
      <Filter>Source Files\Refactor %28Do not Add or Delete Files%29</Filter>
    </ClInclude>
    <ClInclude Include="..\PA8\_UnitTestConfiguration.h">
      <Filter>Source Files\Unit Test Configuration %28Enable Tests here%29</Filter>
    </ClInclude>
  </ItemGroup>
  <ItemGroup>
    <None Include="..\Framework\__DO NOT MODIFY__">
      <Filter>_Framework</Filter>
    </None>
    <None Include="..\Test\__DO NOT MODIFY__">
      <Filter>_Tests</Filter>
    </None>
  </ItemGroup>
  <ItemGroup>
    <Library Include="..\Test\CowDebug.lib">
      <Filter>_Tests</Filter>
    </Library>
    <Library Include="..\Test\CowRelease.lib">
      <Filter>_Tests</Filter>
    </Library>
  </ItemGroup>
</Project>