<?xml version="1.0" encoding="utf-8"?>
<Project ToolsVersion="4.0" xmlns="http://schemas.microsoft.com/developer/msbuild/2003">
  <ItemGroup>
    <Filter Include="Source Files">
      <UniqueIdentifier>{17d9b833-bafd-4c9c-861d-492b7fe59cdb}</UniqueIdentifier>
    </Filter>
    <Filter Include="_Framework">
      <UniqueIdentifier>{5f0ee4f2-21ec-43da-91ee-ca3fda0f25a8}</UniqueIdentifier>
    </Filter>
    <Filter Include="_Test">
      <UniqueIdentifier>{91271a20-ca07-4406-a0c7-0f178d3fadbc}</UniqueIdentifier>
    </Filter>
    <Filter Include="Source Files\Unit Test Configuration %28Enable Tests here%29">
      <UniqueIdentifier>{40e019cc-e9fa-4647-96fb-79ff47814111}</UniqueIdentifier>
    </Filter>
    <Filter Include="Source Files\Do NOT modify">
      <UniqueIdentifier>{df17aa88-1ad2-4e8d-830c-17cb2d26f878}</UniqueIdentifier>
    </Filter>
    <Filter Include="Source Files\Refactor %28Do not Add or Delete Files%29">
      <UniqueIdentifier>{b7a0fb93-435c-4d86-94f4-338a06186caa}</UniqueIdentifier>
    </Filter>
  </ItemGroup>
  <ItemGroup>
    <ClCompile Include="main.cpp">
      <Filter>Source Files\Do NOT modify</Filter>
    </ClCompile>
    <ClCompile Include="..\PA1\HotDog.cpp">
      <Filter>Source Files\Refactor %28Do not Add or Delete Files%29</Filter>
    </ClCompile>
    <ClCompile Include="..\PA1\Order.cpp">
      <Filter>Source Files\Refactor %28Do not Add or Delete Files%29</Filter>
    </ClCompile>
    <ClCompile Include="..\PA1\Stand.cpp">
      <Filter>Source Files\Refactor %28Do not Add or Delete Files%29</Filter>
    </ClCompile>
    <ClCompile Include="..\Test\1_HotDog_Condiments_Tests.cpp">
      <Filter>_Test</Filter>
    </ClCompile>
    <ClCompile Include="..\Test\2_HotDog_BigFour_Tests.cpp">
      <Filter>_Test</Filter>
    </ClCompile>
    <ClCompile Include="..\Test\3_HotDog_Remove_Tests.cpp">
      <Filter>_Test</Filter>
    </ClCompile>
    <ClCompile Include="..\Test\4_HotDog_Add_Tests.cpp">
      <Filter>_Test</Filter>
    </ClCompile>
    <ClCompile Include="..\Test\5_Order_BigFour_Tests.cpp">
      <Filter>_Test</Filter>
    </ClCompile>
    <ClCompile Include="..\Test\6_Order_Remove_Tests.cpp">
      <Filter>_Test</Filter>
    </ClCompile>
    <ClCompile Include="..\Test\7_Order_Add_Tests.cpp">
      <Filter>_Test</Filter>
    </ClCompile>
    <ClCompile Include="..\Test\8_Stress_Tests.cpp">
      <Filter>_Test</Filter>
    </ClCompile>
  </ItemGroup>
  <ItemGroup>
    <None Include="..\Framework\__DO NOT MODIFY__">
      <Filter>_Framework</Filter>
    </None>
    <None Include="..\Test\__DO NOT MODIFY__">
      <Filter>_Test</Filter>
    </None>
  </ItemGroup>
  <ItemGroup>
    <ClInclude Include="..\Framework\Framework.h">
      <Filter>_Framework</Filter>
    </ClInclude>
    <ClInclude Include="Condiments.h">
      <Filter>Source Files\Do NOT modify</Filter>
    </ClInclude>
    <ClInclude Include="Names.h">
      <Filter>Source Files\Do NOT modify</Filter>
    </ClInclude>
    <ClInclude Include="..\PA1\_UnitTestConfiguration.h">
      <Filter>Source Files\Unit Test Configuration %28Enable Tests here%29</Filter>
    </ClInclude>
    <ClInclude Include="..\PA1\HotDog.h">
      <Filter>Source Files\Refactor %28Do not Add or Delete Files%29</Filter>
    </ClInclude>
    <ClInclude Include="..\PA1\Order.h">
      <Filter>Source Files\Refactor %28Do not Add or Delete Files%29</Filter>
    </ClInclude>
    <ClInclude Include="..\PA1\Stand.h">
      <Filter>Source Files\Refactor %28Do not Add or Delete Files%29</Filter>
    </ClInclude>
  </ItemGroup>
</Project>