
Microsoft Visual Studio Solution File, Format Version 12.00
# Visual Studio Version 16
VisualStudioVersion = 16.0.29102.190
MinimumVisualStudioVersion = 10.0.40219.1
Project("{8BC9CEB8-8B4A-11D0-8D11-00A0C91BC942}") = "PA1", "PA1_ReadOnly\PA1.vcxproj", "{0EDD9361-1CB0-41E7-96E7-AFCA1F28E834}"
EndProject
Global
	GlobalSection(SolutionConfigurationPlatforms) = preSolution
		Debug|x86 = Debug|x86
	EndGlobalSection
	GlobalSection(ProjectConfigurationPlatforms) = postSolution
		{0EDD9361-1CB0-41E7-96E7-AFCA1F28E834}.Debug|x86.ActiveCfg = Debug|Win32
		{0EDD9361-1CB0-41E7-96E7-AFCA1F28E834}.Debug|x86.Build.0 = Debug|Win32
	EndGlobalSection
	GlobalSection(SolutionProperties) = preSolution
		HideSolutionNode = FALSE
	EndGlobalSection
	GlobalSection(ExtensibilityGlobals) = postSolution
		SolutionGuid = {891C86E4-0F85-47E1-9494-DD3964389F12}
	EndGlobalSection
EndGlobal
