
Microsoft Visual Studio Solution File, Format Version 12.00
# Visual Studio Version 16
VisualStudioVersion = 16.0.29102.190
MinimumVisualStudioVersion = 10.0.40219.1

Project("{8BC9CEB8-8B4A-11D0-8D11-00A0C91BC942}") = "C", "C\C.vcxproj", "{6694C011-66FC-4910-AFE3-6EB8E3FD45CB}"
EndProject

Global
	GlobalSection(SolutionConfigurationPlatforms) = preSolution
		Debug|x86 = Debug|x86
	EndGlobalSection
	GlobalSection(ProjectConfigurationPlatforms) = postSolution

		{6694C011-66FC-4910-AFE3-6EB8E3FD45CB}.Debug|x86.ActiveCfg = Debug|Win32
		{6694C011-66FC-4910-AFE3-6EB8E3FD45CB}.Debug|x86.Build.0 = Debug|Win32

	EndGlobalSection
	GlobalSection(SolutionProperties) = preSolution
		HideSolutionNode = FALSE
	EndGlobalSection
EndGlobal
