<?xml version="1.0" encoding="utf-8"?>
<Project ToolsVersion="4.0" xmlns="http://schemas.microsoft.com/developer/msbuild/2003">
  <ItemGroup>
    <Filter Include="Source Files">
      <UniqueIdentifier>{4FC737F1-C7A5-4376-A066-2A32D752A2FF}</UniqueIdentifier>
      <Extensions>cpp;c;cc;cxx;def;odl;idl;hpj;bat;asm;asmx</Extensions>
    </Filter>
    <Filter Include="_Framework">
      <UniqueIdentifier>{3a37a3c6-f519-45d0-95db-8dee6cb9b05c}</UniqueIdentifier>
    </Filter>
    <Filter Include="_Test">
      <UniqueIdentifier>{9981665f-35dd-4dcf-841a-2547b49518a8}</UniqueIdentifier>
    </Filter>
    <Filter Include="Source Files\DO NOT_ MODIFY">
      <UniqueIdentifier>{a3235cdd-de16-46a3-baf0-e6bb9e76d2fd}</UniqueIdentifier>
    </Filter>
    <Filter Include="Source Files\Modify these files">
      <UniqueIdentifier>{178c665d-b35c-4a6e-ba67-62dc7de0240b}</UniqueIdentifier>
    </Filter>
  </ItemGroup>
  <ItemGroup>
    <ClCompile Include="..\Test\Test_C.cpp">
      <Filter>_Test</Filter>
    </ClCompile>
    <ClCompile Include="C.cpp">
      <Filter>Source Files\DO NOT_ MODIFY</Filter>
    </ClCompile>
    <ClCompile Include="main.cpp">
      <Filter>Source Files\DO NOT_ MODIFY</Filter>
    </ClCompile>
  </ItemGroup>
  <ItemGroup>
    <ClInclude Include="..\Test\_UnitTestConfiguration.h">
      <Filter>_Test</Filter>
    </ClInclude>
    <ClInclude Include="C.h">
      <Filter>Source Files\Modify these files</Filter>
    </ClInclude>
    <ClInclude Include="..\Framework\Framework.h">
      <Filter>_Framework</Filter>
    </ClInclude>
  </ItemGroup>
  <ItemGroup>
    <None Include="..\Test\__DO NOT MODIFY__">
      <Filter>_Test</Filter>
    </None>
    <None Include="ClassDiagram.cd">
      <Filter>Source Files</Filter>
    </None>
    <None Include="..\Framework\__DO NOT MODIFY__">
      <Filter>_Framework</Filter>
    </None>
  </ItemGroup>
</Project>