<?xml version="1.0" encoding="utf-8"?>
<Project ToolsVersion="4.0" xmlns="http://schemas.microsoft.com/developer/msbuild/2003">
  <ItemGroup>
    <Filter Include="Source Files">
      <UniqueIdentifier>{4FC737F1-C7A5-4376-A066-2A32D752A2FF}</UniqueIdentifier>
      <Extensions>cpp;c;cc;cxx;def;odl;idl;hpj;bat;asm;asmx</Extensions>
    </Filter>
    <Filter Include="_Framework">
      <UniqueIdentifier>{b1783c99-25b7-40fa-874c-7371bb8d5e78}</UniqueIdentifier>
    </Filter>
    <Filter Include="_Tests">
      <UniqueIdentifier>{783e2862-48cf-4907-b0f1-295b93376659}</UniqueIdentifier>
    </Filter>
    <Filter Include="Source Files\Do NOT Modify">
      <UniqueIdentifier>{0aa13b06-915a-44ca-8a7e-e69160b9b5cd}</UniqueIdentifier>
    </Filter>
    <Filter Include="Source Files\Unit Test Configuration %28Enable Tests here%29">
      <UniqueIdentifier>{239459ce-7be0-48f5-82d2-18d6146bed73}</UniqueIdentifier>
    </Filter>
    <Filter Include="Source Files\Refactor">
      <UniqueIdentifier>{49298778-743f-456b-8210-209e0c28cd5d}</UniqueIdentifier>
    </Filter>
  </ItemGroup>
  <ItemGroup>
    <ClCompile Include="..\Test\answerRegistry.cpp">
      <Filter>_Tests</Filter>
    </ClCompile>
    <ClCompile Include="..\Basics3_ReadOnly\main.cpp">
      <Filter>Source Files\Do NOT Modify</Filter>
    </ClCompile>
    <ClCompile Include="..\Test\1_Basics3_Test.cpp">
      <Filter>_Tests</Filter>
    </ClCompile>
    <ClCompile Include="..\Test\2_Basics3_Test.cpp">
      <Filter>_Tests</Filter>
    </ClCompile>
    <ClCompile Include="..\Test\4_Basics3_Test.cpp">
      <Filter>_Tests</Filter>
    </ClCompile>
    <ClCompile Include="..\Test\5_Basics3_Test.cpp">
      <Filter>_Tests</Filter>
    </ClCompile>
    <ClCompile Include="..\Test\3_Basics3_Test.cpp">
      <Filter>_Tests</Filter>
    </ClCompile>
    <ClCompile Include="..\Basics3\Casting.cpp">
      <Filter>Source Files\Refactor</Filter>
    </ClCompile>
    <ClCompile Include="..\Basics3\PointerWalk.cpp">
      <Filter>Source Files\Refactor</Filter>
    </ClCompile>
  </ItemGroup>
  <ItemGroup>
    <None Include="..\Test\__DO NOT MODIFY__">
      <Filter>_Tests</Filter>
    </None>
    <None Include="..\Framework\__DO NOT MODIFY__">
      <Filter>_Framework</Filter>
    </None>
  </ItemGroup>
  <ItemGroup>
    <ClInclude Include="..\Test\answerRegistry.h">
      <Filter>_Tests</Filter>
    </ClInclude>
    <ClInclude Include="..\Framework\Framework.h">
      <Filter>_Framework</Filter>
    </ClInclude>
    <ClInclude Include="..\Basics3\_UnitTestConfiguration.h">
      <Filter>Source Files\Unit Test Configuration %28Enable Tests here%29</Filter>
    </ClInclude>
  </ItemGroup>
</Project>