<?xml version="1.0" encoding="utf-8"?>
<Project ToolsVersion="4.0" xmlns="http://schemas.microsoft.com/developer/msbuild/2003">
  <ItemGroup>
    <Filter Include="Source Files">
      <UniqueIdentifier>{4FC737F1-C7A5-4376-A066-2A32D752A2FF}</UniqueIdentifier>
      <Extensions>cpp;c;cc;cxx;def;odl;idl;hpj;bat;asm;asmx</Extensions>
    </Filter>
    <Filter Include="_Test">
      <UniqueIdentifier>{571d09d9-257b-48cc-9133-406cbe90911a}</UniqueIdentifier>
    </Filter>
    <Filter Include="Source Files\DO NOT_ MODIFY">
      <UniqueIdentifier>{0a6230f8-8db5-400d-8201-a6b4108ed03f}</UniqueIdentifier>
    </Filter>
    <Filter Include="Source Files\Modify these files">
      <UniqueIdentifier>{6fdb801c-573c-46f8-bdc0-d4431ca794b3}</UniqueIdentifier>
    </Filter>
    <Filter Include="_Framework">
      <UniqueIdentifier>{f1ac5554-d616-47dd-b147-d360860d17f8}</UniqueIdentifier>
    </Filter>
  </ItemGroup>
  <ItemGroup>
    <ClCompile Include="..\Test\Test_F.cpp">
      <Filter>_Test</Filter>
    </ClCompile>
    <ClCompile Include="F.cpp">
      <Filter>Source Files\Modify these files</Filter>
    </ClCompile>
    <ClCompile Include="main.cpp">
      <Filter>Source Files\DO NOT_ MODIFY</Filter>
    </ClCompile>
  </ItemGroup>
  <ItemGroup>
    <ClInclude Include="..\Test\_UnitTestConfiguration.h">
      <Filter>_Test</Filter>
    </ClInclude>
    <ClInclude Include="F.h">
      <Filter>Source Files\DO NOT_ MODIFY</Filter>
    </ClInclude>
    <ClInclude Include="..\Framework\Framework.h">
      <Filter>_Framework</Filter>
    </ClInclude>
  </ItemGroup>
  <ItemGroup>
    <None Include="..\Test\__DO NOT MODIFY__">
      <Filter>_Test</Filter>
    </None>
    <None Include="..\Framework\__DO NOT MODIFY__">
      <Filter>_Framework</Filter>
    </None>
  </ItemGroup>
</Project>