<?xml version="1.0" encoding="utf-8"?>
<Project ToolsVersion="4.0" xmlns="http://schemas.microsoft.com/developer/msbuild/2003">
  <ItemGroup>
    <Filter Include="Source Files">
      <UniqueIdentifier>{4FC737F1-C7A5-4376-A066-2A32D752A2FF}</UniqueIdentifier>
      <Extensions>cpp;c;cc;cxx;def;odl;idl;hpj;bat;asm;asmx</Extensions>
    </Filter>
    <Filter Include="_Test">
      <UniqueIdentifier>{abb08188-0680-4be1-bb4a-71663eec33fb}</UniqueIdentifier>
    </Filter>
    <Filter Include="_Framework">
      <UniqueIdentifier>{1944a9e6-2bb5-4169-8ba6-65ea54cd1b93}</UniqueIdentifier>
    </Filter>
    <Filter Include="Source Files\DO NOT_ MODIFY">
      <UniqueIdentifier>{da0a07b6-ff61-417c-961b-171778e77a55}</UniqueIdentifier>
    </Filter>
    <Filter Include="Source Files\Modify these files">
      <UniqueIdentifier>{46572541-2097-4d7a-8f0a-17facc8e07ed}</UniqueIdentifier>
    </Filter>
  </ItemGroup>
  <ItemGroup>
    <ClCompile Include="..\Test\Test_G.cpp">
      <Filter>_Test</Filter>
    </ClCompile>
    <ClCompile Include="G.cpp">
      <Filter>Source Files\Modify these files</Filter>
    </ClCompile>
    <ClCompile Include="main.cpp">
      <Filter>Source Files\DO NOT_ MODIFY</Filter>
    </ClCompile>
  </ItemGroup>
  <ItemGroup>
    <ClInclude Include="..\Test\_UnitTestConfiguration.h">
      <Filter>_Test</Filter>
    </ClInclude>
    <ClInclude Include="G.h">
      <Filter>Source Files\DO NOT_ MODIFY</Filter>
    </ClInclude>
    <ClInclude Include="..\Framework\Framework.h">
      <Filter>_Framework</Filter>
    </ClInclude>
  </ItemGroup>
  <ItemGroup>
    <None Include="..\Framework\__DO NOT MODIFY__">
      <Filter>_Framework</Filter>
    </None>
    <None Include="..\Test\__DO NOT MODIFY__">
      <Filter>_Test</Filter>
    </None>
  </ItemGroup>
</Project>