<?xml version="1.0" encoding="utf-8"?>
<Project ToolsVersion="4.0" xmlns="http://schemas.microsoft.com/developer/msbuild/2003">
  <ItemGroup>
    <Filter Include="Source Files">
      <UniqueIdentifier>{4FC737F1-C7A5-4376-A066-2A32D752A2FF}</UniqueIdentifier>
      <Extensions>cpp;c;cc;cxx;def;odl;idl;hpj;bat;asm;asmx</Extensions>
    </Filter>
    <Filter Include="_Test">
      <UniqueIdentifier>{8e94c24a-84de-4516-99d2-6b7cd05d2b39}</UniqueIdentifier>
    </Filter>
    <Filter Include="Source Files\DO NOT_ MODIFY">
      <UniqueIdentifier>{52f3393d-c818-43cb-98b9-91a1d429d4b5}</UniqueIdentifier>
    </Filter>
    <Filter Include="Source Files\Modify these files">
      <UniqueIdentifier>{db1afc87-38db-412a-95b0-23f6766f3638}</UniqueIdentifier>
    </Filter>
    <Filter Include="_Framework">
      <UniqueIdentifier>{dd61333e-d3bc-47ce-8e99-7539f91b4d77}</UniqueIdentifier>
    </Filter>
  </ItemGroup>
  <ItemGroup>
    <None Include="..\Test\__DO NOT MODIFY__">
      <Filter>_Test</Filter>
    </None>
    <None Include="..\Framework\__DO NOT MODIFY__">
      <Filter>_Framework</Filter>
    </None>
  </ItemGroup>
  <ItemGroup>
    <ClInclude Include="..\Test\_UnitTestConfiguration.h">
      <Filter>_Test</Filter>
    </ClInclude>
    <ClInclude Include="H.h">
      <Filter>Source Files\Modify these files</Filter>
    </ClInclude>
    <ClInclude Include="..\Framework\Framework.h">
      <Filter>_Framework</Filter>
    </ClInclude>
  </ItemGroup>
  <ItemGroup>
    <ClCompile Include="..\Test\Test_H.cpp">
      <Filter>_Test</Filter>
    </ClCompile>
    <ClCompile Include="H.cpp">
      <Filter>Source Files\Modify these files</Filter>
    </ClCompile>
    <ClCompile Include="main.cpp">
      <Filter>Source Files\DO NOT_ MODIFY</Filter>
    </ClCompile>
  </ItemGroup>
</Project>