<?xml version="1.0" encoding="utf-8"?>
<Project ToolsVersion="4.0" xmlns="http://schemas.microsoft.com/developer/msbuild/2003">
  <ItemGroup>
    <Filter Include="Source Files">
      <UniqueIdentifier>{4FC737F1-C7A5-4376-A066-2A32D752A2FF}</UniqueIdentifier>
      <Extensions>cpp;c;cc;cxx;def;odl;idl;hpj;bat;asm;asmx</Extensions>
    </Filter>
    <Filter Include="_Framework">
      <UniqueIdentifier>{593ae2fd-3512-4dd6-ae52-42ce0cf59e5f}</UniqueIdentifier>
    </Filter>
    <Filter Include="_Tests">
      <UniqueIdentifier>{c1776a87-ec6f-4138-bdc6-272f7ff41428}</UniqueIdentifier>
    </Filter>
    <Filter Include="Source Files\Do NOT Modify">
      <UniqueIdentifier>{7bf6f15a-b713-48cd-8258-ad790e90bbae}</UniqueIdentifier>
    </Filter>
    <Filter Include="Source Files\Unit Test Configuration %28Enable Tests here%29">
      <UniqueIdentifier>{468b4543-3a18-46c3-ad01-63810666f14f}</UniqueIdentifier>
    </Filter>
    <Filter Include="Source Files\Refactor %28Do not Add or Delete Files%29">
      <UniqueIdentifier>{7733924c-1d9f-403f-96c8-3b7c1d83ae3a}</UniqueIdentifier>
    </Filter>
  </ItemGroup>
  <ItemGroup>
    <ClCompile Include="No_RVO.cpp">
      <Filter>Source Files\Do NOT Modify</Filter>
    </ClCompile>
    <ClCompile Include="..\Test\RVOTest.cpp">
      <Filter>_Tests</Filter>
    </ClCompile>
    <ClCompile Include="main.cpp">
      <Filter>Source Files\Do NOT Modify</Filter>
    </ClCompile>
    <ClCompile Include="..\RVO\RVO.cpp">
      <Filter>Source Files\Refactor %28Do not Add or Delete Files%29</Filter>
    </ClCompile>
  </ItemGroup>
  <ItemGroup>
    <ClInclude Include="No_RVO.h">
      <Filter>Source Files\Do NOT Modify</Filter>
    </ClInclude>
    <ClInclude Include="..\Framework\Framework.h">
      <Filter>_Framework</Filter>
    </ClInclude>
    <ClInclude Include="..\RVO\RVO.h">
      <Filter>Source Files\Refactor %28Do not Add or Delete Files%29</Filter>
    </ClInclude>
    <ClInclude Include="..\RVO\_UnitTestConfiguration_RVO.h">
      <Filter>Source Files\Unit Test Configuration %28Enable Tests here%29</Filter>
    </ClInclude>
  </ItemGroup>
  <ItemGroup>
    <None Include="..\Test\__DO NOT MODIFY__">
      <Filter>_Tests</Filter>
    </None>
    <None Include="..\Framework\__DO NOT MODIFY__">
      <Filter>_Framework</Filter>
    </None>
  </ItemGroup>
</Project>